
Microsoft Visual Studio Solution File, Format Version 12.00
# Visual Studio Version 17
VisualStudioVersion = 17.6.33927.249
MinimumVisualStudioVersion = 10.0.40219.1
Project("{FAE04EC0-301F-11D3-BF4B-00C04F79EFBC}") = "GeoServerApi", "GeoServerApi\GeoServerApi.csproj", "{00CA1AA3-1DC4-472F-A9AE-24483DF549E2}"
EndProject
Global
	GlobalSection(SolutionConfigurationPlatforms) = preSolution
		Debug|Any CPU = Debug|Any CPU
		Release|Any CPU = Release|Any CPU
	EndGlobalSection
	GlobalSection(ProjectConfigurationPlatforms) = postSolution
		{00CA1AA3-1DC4-472F-A9AE-24483DF549E2}.Debug|Any CPU.ActiveCfg = Debug|Any CPU
		{00CA1AA3-1DC4-472F-A9AE-24483DF549E2}.Debug|Any CPU.Build.0 = Debug|Any CPU
		{00CA1AA3-1DC4-472F-A9AE-24483DF549E2}.Release|Any CPU.ActiveCfg = Release|Any CPU
		{00CA1AA3-1DC4-472F-A9AE-24483DF549E2}.Release|Any CPU.Build.0 = Release|Any CPU
	EndGlobalSection
	GlobalSection(SolutionProperties) = preSolution
		HideSolutionNode = FALSE
	EndGlobalSection
	GlobalSection(ExtensibilityGlobals) = postSolution
		SolutionGuid = {80933A86-5DF0-4137-9653-2C071531868E}
	EndGlobalSection
EndGlobal
